
Microsoft Visual Studio Solution File, Format Version 11.00
# Visual Studio 2010
Project("{FAE04EC0-301F-11D3-BF4B-00C04F79EFBC}") = "Assembly-CSharp", "Assembly-CSharp.csproj", "{B09E6271-5759-D80D-1A0A-2CA39A9CA732}"
EndProject
Project("{FAE04EC0-301F-11D3-BF4B-00C04F79EFBC}") = "Assembly-CSharp-Editor", "Assembly-CSharp-Editor.csproj", "{633AD406-8FBF-5FBB-6448-F31E981A05B1}"
EndProject
Global
	GlobalSection(SolutionConfigurationPlatforms) = preSolution
		Debug|Any CPU = Debug|Any CPU
		Release|Any CPU = Release|Any CPU
	EndGlobalSection
	GlobalSection(ProjectConfigurationPlatforms) = postSolution
		{B09E6271-5759-D80D-1A0A-2CA39A9CA732}.Debug|Any CPU.ActiveCfg = Debug|Any CPU
		{B09E6271-5759-D80D-1A0A-2CA39A9CA732}.Debug|Any CPU.Build.0 = Debug|Any CPU
		{B09E6271-5759-D80D-1A0A-2CA39A9CA732}.Release|Any CPU.ActiveCfg = Release|Any CPU
		{B09E6271-5759-D80D-1A0A-2CA39A9CA732}.Release|Any CPU.Build.0 = Release|Any CPU
		{633AD406-8FBF-5FBB-6448-F31E981A05B1}.Debug|Any CPU.ActiveCfg = Debug|Any CPU
		{633AD406-8FBF-5FBB-6448-F31E981A05B1}.Debug|Any CPU.Build.0 = Debug|Any CPU
		{633AD406-8FBF-5FBB-6448-F31E981A05B1}.Release|Any CPU.ActiveCfg = Release|Any CPU
		{633AD406-8FBF-5FBB-6448-F31E981A05B1}.Release|Any CPU.Build.0 = Release|Any CPU
	EndGlobalSection
	GlobalSection(SolutionProperties) = preSolution
		HideSolutionNode = FALSE
	EndGlobalSection
EndGlobal
